Microsoft Visual Studio Solution File, Format Version 11.00
# Visual Studio 2008

Project("{9A45010C-A5AE-DF54-CDA4-40E7FFC9A1E0}") = "Floptopus", "Assembly-CSharp-firstpass.csproj", "{C5145EB6-BE26-55EA-81BB-7F4A58668CE0}"
EndProject
Project("{9A45010C-A5AE-DF54-CDA4-40E7FFC9A1E0}") = "Floptopus", "Assembly-CSharp.csproj", "{9B91F12C-57D0-D884-E3E5-88F75CB6B077}"
EndProject
Project("{9A45010C-A5AE-DF54-CDA4-40E7FFC9A1E0}") = "Floptopus", "Assembly-CSharp-Editor.csproj", "{1D1E765D-8152-4AC4-0DA0-1D96B314EF14}"
EndProject
Global
	GlobalSection(SolutionConfigurationPlatforms) = preSolution
		Debug|Any CPU = Debug|Any CPU
		Release|Any CPU = Release|Any CPU
	EndGlobalSection
	GlobalSection(ProjectConfigurationPlatforms) = postSolution
		{C5145EB6-BE26-55EA-81BB-7F4A58668CE0}.Debug|Any CPU.ActiveCfg = Debug|Any CPU
		{C5145EB6-BE26-55EA-81BB-7F4A58668CE0}.Debug|Any CPU.Build.0 = Debug|Any CPU
		{C5145EB6-BE26-55EA-81BB-7F4A58668CE0}.Release|Any CPU.ActiveCfg = Release|Any CPU
		{C5145EB6-BE26-55EA-81BB-7F4A58668CE0}.Release|Any CPU.Build.0 = Release|Any CPU
		{9B91F12C-57D0-D884-E3E5-88F75CB6B077}.Debug|Any CPU.ActiveCfg = Debug|Any CPU
		{9B91F12C-57D0-D884-E3E5-88F75CB6B077}.Debug|Any CPU.Build.0 = Debug|Any CPU
		{9B91F12C-57D0-D884-E3E5-88F75CB6B077}.Release|Any CPU.ActiveCfg = Release|Any CPU
		{9B91F12C-57D0-D884-E3E5-88F75CB6B077}.Release|Any CPU.Build.0 = Release|Any CPU
		{1D1E765D-8152-4AC4-0DA0-1D96B314EF14}.Debug|Any CPU.ActiveCfg = Debug|Any CPU
		{1D1E765D-8152-4AC4-0DA0-1D96B314EF14}.Debug|Any CPU.Build.0 = Debug|Any CPU
		{1D1E765D-8152-4AC4-0DA0-1D96B314EF14}.Release|Any CPU.ActiveCfg = Release|Any CPU
		{1D1E765D-8152-4AC4-0DA0-1D96B314EF14}.Release|Any CPU.Build.0 = Release|Any CPU
	EndGlobalSection
	GlobalSection(SolutionProperties) = preSolution
		HideSolutionNode = FALSE
	EndGlobalSection
																																																																																																		GlobalSection(MonoDevelopProperties) = preSolution
		StartupItem = Assembly-CSharp.csproj
		Policies = $0
		$0.TextStylePolicy = $1
		$1.inheritsSet = null
		$1.scope = text/x-csharp
		$0.CSharpFormattingPolicy = $2
		$2.inheritsSet = Mono
		$2.inheritsScope = text/x-csharp
		$2.scope = text/x-csharp
		$0.TextStylePolicy = $3
		$3.FileWidth = 120
		$3.TabWidth = 4
		$3.IndentWidth = 4
		$3.EolMarker = Unix
		$3.inheritsSet = Mono
		$3.inheritsScope = text/plain
		$3.scope = text/plain
	EndGlobalSection

EndGlobal
